
Microsoft Visual Studio Solution File, Format Version 12.00
# Visual Studio Version 16
VisualStudioVersion = 16.0.30309.148
MinimumVisualStudioVersion = 10.0.40219.1
Project("{FAE04EC0-301F-11D3-BF4B-00C04F79EFBC}") = "WorkWithRedis", "WorkWithRedis\WorkWithRedis.csproj", "{D07EF20F-2B33-455B-8F00-A3AE95A5705F}"
EndProject
Global
	GlobalSection(SolutionConfigurationPlatforms) = preSolution
		Debug|Any CPU = Debug|Any CPU
		Release|Any CPU = Release|Any CPU
	EndGlobalSection
	GlobalSection(ProjectConfigurationPlatforms) = postSolution
		{D07EF20F-2B33-455B-8F00-A3AE95A5705F}.Debug|Any CPU.ActiveCfg = Debug|Any CPU
		{D07EF20F-2B33-455B-8F00-A3AE95A5705F}.Debug|Any CPU.Build.0 = Debug|Any CPU
		{D07EF20F-2B33-455B-8F00-A3AE95A5705F}.Release|Any CPU.ActiveCfg = Release|Any CPU
		{D07EF20F-2B33-455B-8F00-A3AE95A5705F}.Release|Any CPU.Build.0 = Release|Any CPU
	EndGlobalSection
	GlobalSection(SolutionProperties) = preSolution
		HideSolutionNode = FALSE
	EndGlobalSection
	GlobalSection(ExtensibilityGlobals) = postSolution
		SolutionGuid = {BC912D31-830F-4509-A8C3-E642B8173D4C}
	EndGlobalSection
EndGlobal
